
Microsoft Visual Studio Solution File, Format Version 12.00
# Visual Studio Version 17
VisualStudioVersion = 17.13.35919.96
MinimumVisualStudioVersion = 10.0.40219.1
Project("{FAE04EC0-301F-11D3-BF4B-00C04F79EFBC}") = "MockJsonGenerator", "SqlDataGenerator\MockJsonGenerator.csproj", "{C24AC2BC-990D-46C7-995D-7024881B7100}"
EndProject
Project("{FAE04EC0-301F-11D3-BF4B-00C04F79EFBC}") = "Tester", "Tester\Tester.csproj", "{618C6355-332C-43B8-8AD9-0089579FA42F}"
EndProject
Global
	GlobalSection(SolutionConfigurationPlatforms) = preSolution
		Debug|Any CPU = Debug|Any CPU
		Release|Any CPU = Release|Any CPU
	EndGlobalSection
	GlobalSection(ProjectConfigurationPlatforms) = postSolution
		{C24AC2BC-990D-46C7-995D-7024881B7100}.Debug|Any CPU.ActiveCfg = Debug|Any CPU
		{C24AC2BC-990D-46C7-995D-7024881B7100}.Debug|Any CPU.Build.0 = Debug|Any CPU
		{C24AC2BC-990D-46C7-995D-7024881B7100}.Release|Any CPU.ActiveCfg = Release|Any CPU
		{C24AC2BC-990D-46C7-995D-7024881B7100}.Release|Any CPU.Build.0 = Release|Any CPU
		{618C6355-332C-43B8-8AD9-0089579FA42F}.Debug|Any CPU.ActiveCfg = Debug|Any CPU
		{618C6355-332C-43B8-8AD9-0089579FA42F}.Debug|Any CPU.Build.0 = Debug|Any CPU
		{618C6355-332C-43B8-8AD9-0089579FA42F}.Release|Any CPU.ActiveCfg = Release|Any CPU
		{618C6355-332C-43B8-8AD9-0089579FA42F}.Release|Any CPU.Build.0 = Release|Any CPU
	EndGlobalSection
	GlobalSection(SolutionProperties) = preSolution
		HideSolutionNode = FALSE
	EndGlobalSection
	GlobalSection(ExtensibilityGlobals) = postSolution
		SolutionGuid = {B3728F40-5CA9-4C34-A079-8365743834D7}
	EndGlobalSection
EndGlobal
